
Microsoft Visual Studio Solution File, Format Version 12.00
# Visual Studio Version 16
VisualStudioVersion = 16.0.31112.23
MinimumVisualStudioVersion = 10.0.40219.1
Project("{2150E333-8FDC-42A3-9474-1A3956D46DE8}") = "src", "src", "{B4BD4D4A-65A9-4659-AF23-120910134F72}"
EndProject
Project("{2150E333-8FDC-42A3-9474-1A3956D46DE8}") = "Orders", "Orders", "{42CBAEF8-DD77-462B-B57D-FA8AD82FC9FC}"
EndProject
Project("{9A19103F-16F7-4668-BE54-9A1E7A4F7556}") = "Order.API", "src\Orders\Order.API\Order.API.csproj", "{C9E8E38A-C700-4E77-A866-4D3A0412ED59}"
EndProject
Project("{2150E333-8FDC-42A3-9474-1A3956D46DE8}") = "Warehouse", "Warehouse", "{4237313B-692D-445A-BCF6-DE489D56600C}"
EndProject
Project("{9A19103F-16F7-4668-BE54-9A1E7A4F7556}") = "Warehouse.API", "src\Warehouse\Warehouse.API\Warehouse.API.csproj", "{C33CEBD4-CD39-4097-BC21-43D3E67A8341}"
EndProject
Project("{2150E333-8FDC-42A3-9474-1A3956D46DE8}") = "Production", "Production", "{34A75249-7417-41AF-87C4-2539DAB1836C}"
EndProject
Project("{9A19103F-16F7-4668-BE54-9A1E7A4F7556}") = "Production.API", "src\Production\Production.API\Production.API.csproj", "{8CD5BFEA-7A8A-4B4E-A444-E6134D3C97BD}"
EndProject
Project("{2150E333-8FDC-42A3-9474-1A3956D46DE8}") = "Website", "Website", "{3DAB8EC4-ED62-4D15-A027-A9D13BF8A858}"
EndProject
Project("{2150E333-8FDC-42A3-9474-1A3956D46DE8}") = "Interchange", "Interchange", "{8A29899A-68CD-4025-9F55-A96CF4E9FD1F}"
EndProject
Project("{9A19103F-16F7-4668-BE54-9A1E7A4F7556}") = "Common.Logging", "src\Interchange\Common.Logging\Common.Logging.csproj", "{A4120630-1B58-4A08-B41F-CB42EE86D700}"
EndProject
Project("{9A19103F-16F7-4668-BE54-9A1E7A4F7556}") = "EventBus.Messages", "src\Interchange\EventBus.Messages\EventBus.Messages.csproj", "{C119E5BA-5A78-433A-9039-735951D47965}"
EndProject
Project("{9A19103F-16F7-4668-BE54-9A1E7A4F7556}") = "Order.Infrastructure", "src\Orders\Order.Infrastructure\Order.Infrastructure.csproj", "{E8D5262D-A348-47A9-A40D-6878D8DDB54C}"
EndProject
Project("{9A19103F-16F7-4668-BE54-9A1E7A4F7556}") = "Order.Domain", "src\Orders\Order.Domain\Order.Domain.csproj", "{DAB1D002-7EEE-4245-BBE8-01E3E1164063}"
EndProject
Project("{9A19103F-16F7-4668-BE54-9A1E7A4F7556}") = "Order.Application", "src\Orders\Order.Application\Order.Application.csproj", "{DAC1493B-AFEE-4332-B3D0-A3681A04F733}"
EndProject
Project("{2150E333-8FDC-42A3-9474-1A3956D46DE8}") = "Basket", "Basket", "{B0105316-2881-4823-8B00-5A85A9CAB9CA}"
EndProject
Project("{9A19103F-16F7-4668-BE54-9A1E7A4F7556}") = "Basket.API", "src\Basket.API\Basket.API.csproj", "{DCFE65AD-777D-462E-BB12-D0D610C247FA}"
EndProject
Project("{E53339B2-1760-4266-BCC7-CA923CBCF16C}") = "docker-compose", "docker-compose.dcproj", "{356245EC-38AC-4F6D-A485-7DDA83056568}"
EndProject
Project("{2150E333-8FDC-42A3-9474-1A3956D46DE8}") = "Inventory", "Inventory", "{27421F52-FF38-4527-A132-2E0D66535B97}"
EndProject
Project("{9A19103F-16F7-4668-BE54-9A1E7A4F7556}") = "Inventory.API", "..\Inventory.API\Inventory.API.csproj", "{0329A8CA-FFEF-49BF-8E06-8690CDA65F01}"
EndProject
Project("{2150E333-8FDC-42A3-9474-1A3956D46DE8}") = "Models", "Models", "{9D42D146-1BDF-431B-9F44-B28B3BFCAF3B}"
EndProject
Project("{9A19103F-16F7-4668-BE54-9A1E7A4F7556}") = "Common.Models", "..\Common.Entities\Common.Models.csproj", "{87906AD1-7799-4D2D-9821-BE3FA9810B5B}"
EndProject
Project("{2150E333-8FDC-42A3-9474-1A3956D46DE8}") = "Services", "Services", "{B4D7811A-889E-47DD-9ACC-078612E87786}"
EndProject
Project("{9A19103F-16F7-4668-BE54-9A1E7A4F7556}") = "Common.Services", "..\Common.Services\Common.Services.csproj", "{2AAB6D14-AA05-42C2-B722-69BCED98B706}"
EndProject
Project("{2150E333-8FDC-42A3-9474-1A3956D46DE8}") = "Extensions", "Extensions", "{1872B4D0-C417-45EF-9803-0B6A5BF9E9A7}"
EndProject
Project("{9A19103F-16F7-4668-BE54-9A1E7A4F7556}") = "Common.Extensions", "..\Common.Extensions\Common.Extensions.csproj", "{678D59E2-CAED-4320-B734-BF89AC5C019A}"
EndProject
Project("{2150E333-8FDC-42A3-9474-1A3956D46DE8}") = "ApiGateway", "ApiGateway", "{12462056-CAED-4CB1-80FD-1C11A2759A37}"
EndProject
Project("{9A19103F-16F7-4668-BE54-9A1E7A4F7556}") = "Shopping.Aggregator", "..\Shopping.Aggregator\Shopping.Aggregator.csproj", "{76E1C6B8-4E1D-44CA-8FF0-5483D50A2CBF}"
EndProject
Project("{9A19103F-16F7-4668-BE54-9A1E7A4F7556}") = "OcelotApiGw", "..\OcelotApiGw\OcelotApiGw.csproj", "{69C51CAD-000A-4A62-8B90-ED3EE5A53CA0}"
EndProject
Project("{2150E333-8FDC-42A3-9474-1A3956D46DE8}") = "UnitTest", "UnitTest", "{F4807E9D-EC88-4249-A4B9-6BEE0AF6C61B}"
EndProject
Project("{9A19103F-16F7-4668-BE54-9A1E7A4F7556}") = "Basket.AP.UnitTest", "src\Basket.AP.UnitTest\Basket.AP.UnitTest.csproj", "{1313D07F-3FFF-40B9-B4BD-E901E0415EFC}"
EndProject
Global
	GlobalSection(SolutionConfigurationPlatforms) = preSolution
		Debug|Any CPU = Debug|Any CPU
		Release|Any CPU = Release|Any CPU
	EndGlobalSection
	GlobalSection(ProjectConfigurationPlatforms) = postSolution
		{C9E8E38A-C700-4E77-A866-4D3A0412ED59}.Debug|Any CPU.ActiveCfg = Debug|Any CPU
		{C9E8E38A-C700-4E77-A866-4D3A0412ED59}.Debug|Any CPU.Build.0 = Debug|Any CPU
		{C9E8E38A-C700-4E77-A866-4D3A0412ED59}.Release|Any CPU.ActiveCfg = Release|Any CPU
		{C9E8E38A-C700-4E77-A866-4D3A0412ED59}.Release|Any CPU.Build.0 = Release|Any CPU
		{C33CEBD4-CD39-4097-BC21-43D3E67A8341}.Debug|Any CPU.ActiveCfg = Debug|Any CPU
		{C33CEBD4-CD39-4097-BC21-43D3E67A8341}.Debug|Any CPU.Build.0 = Debug|Any CPU
		{C33CEBD4-CD39-4097-BC21-43D3E67A8341}.Release|Any CPU.ActiveCfg = Release|Any CPU
		{C33CEBD4-CD39-4097-BC21-43D3E67A8341}.Release|Any CPU.Build.0 = Release|Any CPU
		{8CD5BFEA-7A8A-4B4E-A444-E6134D3C97BD}.Debug|Any CPU.ActiveCfg = Debug|Any CPU
		{8CD5BFEA-7A8A-4B4E-A444-E6134D3C97BD}.Debug|Any CPU.Build.0 = Debug|Any CPU
		{8CD5BFEA-7A8A-4B4E-A444-E6134D3C97BD}.Release|Any CPU.ActiveCfg = Release|Any CPU
		{8CD5BFEA-7A8A-4B4E-A444-E6134D3C97BD}.Release|Any CPU.Build.0 = Release|Any CPU
		{A4120630-1B58-4A08-B41F-CB42EE86D700}.Debug|Any CPU.ActiveCfg = Debug|Any CPU
		{A4120630-1B58-4A08-B41F-CB42EE86D700}.Debug|Any CPU.Build.0 = Debug|Any CPU
		{A4120630-1B58-4A08-B41F-CB42EE86D700}.Release|Any CPU.ActiveCfg = Release|Any CPU
		{A4120630-1B58-4A08-B41F-CB42EE86D700}.Release|Any CPU.Build.0 = Release|Any CPU
		{C119E5BA-5A78-433A-9039-735951D47965}.Debug|Any CPU.ActiveCfg = Debug|Any CPU
		{C119E5BA-5A78-433A-9039-735951D47965}.Debug|Any CPU.Build.0 = Debug|Any CPU
		{C119E5BA-5A78-433A-9039-735951D47965}.Release|Any CPU.ActiveCfg = Release|Any CPU
		{C119E5BA-5A78-433A-9039-735951D47965}.Release|Any CPU.Build.0 = Release|Any CPU
		{E8D5262D-A348-47A9-A40D-6878D8DDB54C}.Debug|Any CPU.ActiveCfg = Debug|Any CPU
		{E8D5262D-A348-47A9-A40D-6878D8DDB54C}.Debug|Any CPU.Build.0 = Debug|Any CPU
		{E8D5262D-A348-47A9-A40D-6878D8DDB54C}.Release|Any CPU.ActiveCfg = Release|Any CPU
		{E8D5262D-A348-47A9-A40D-6878D8DDB54C}.Release|Any CPU.Build.0 = Release|Any CPU
		{DAB1D002-7EEE-4245-BBE8-01E3E1164063}.Debug|Any CPU.ActiveCfg = Debug|Any CPU
		{DAB1D002-7EEE-4245-BBE8-01E3E1164063}.Debug|Any CPU.Build.0 = Debug|Any CPU
		{DAB1D002-7EEE-4245-BBE8-01E3E1164063}.Release|Any CPU.ActiveCfg = Release|Any CPU
		{DAB1D002-7EEE-4245-BBE8-01E3E1164063}.Release|Any CPU.Build.0 = Release|Any CPU
		{DAC1493B-AFEE-4332-B3D0-A3681A04F733}.Debug|Any CPU.ActiveCfg = Debug|Any CPU
		{DAC1493B-AFEE-4332-B3D0-A3681A04F733}.Debug|Any CPU.Build.0 = Debug|Any CPU
		{DAC1493B-AFEE-4332-B3D0-A3681A04F733}.Release|Any CPU.ActiveCfg = Release|Any CPU
		{DAC1493B-AFEE-4332-B3D0-A3681A04F733}.Release|Any CPU.Build.0 = Release|Any CPU
		{DCFE65AD-777D-462E-BB12-D0D610C247FA}.Debug|Any CPU.ActiveCfg = Debug|Any CPU
		{DCFE65AD-777D-462E-BB12-D0D610C247FA}.Debug|Any CPU.Build.0 = Debug|Any CPU
		{DCFE65AD-777D-462E-BB12-D0D610C247FA}.Release|Any CPU.ActiveCfg = Release|Any CPU
		{DCFE65AD-777D-462E-BB12-D0D610C247FA}.Release|Any CPU.Build.0 = Release|Any CPU
		{356245EC-38AC-4F6D-A485-7DDA83056568}.Debug|Any CPU.ActiveCfg = Debug|Any CPU
		{356245EC-38AC-4F6D-A485-7DDA83056568}.Debug|Any CPU.Build.0 = Debug|Any CPU
		{356245EC-38AC-4F6D-A485-7DDA83056568}.Release|Any CPU.ActiveCfg = Release|Any CPU
		{356245EC-38AC-4F6D-A485-7DDA83056568}.Release|Any CPU.Build.0 = Release|Any CPU
		{0329A8CA-FFEF-49BF-8E06-8690CDA65F01}.Debug|Any CPU.ActiveCfg = Debug|Any CPU
		{0329A8CA-FFEF-49BF-8E06-8690CDA65F01}.Debug|Any CPU.Build.0 = Debug|Any CPU
		{0329A8CA-FFEF-49BF-8E06-8690CDA65F01}.Release|Any CPU.ActiveCfg = Release|Any CPU
		{0329A8CA-FFEF-49BF-8E06-8690CDA65F01}.Release|Any CPU.Build.0 = Release|Any CPU
		{87906AD1-7799-4D2D-9821-BE3FA9810B5B}.Debug|Any CPU.ActiveCfg = Debug|Any CPU
		{87906AD1-7799-4D2D-9821-BE3FA9810B5B}.Debug|Any CPU.Build.0 = Debug|Any CPU
		{87906AD1-7799-4D2D-9821-BE3FA9810B5B}.Release|Any CPU.ActiveCfg = Release|Any CPU
		{87906AD1-7799-4D2D-9821-BE3FA9810B5B}.Release|Any CPU.Build.0 = Release|Any CPU
		{2AAB6D14-AA05-42C2-B722-69BCED98B706}.Debug|Any CPU.ActiveCfg = Debug|Any CPU
		{2AAB6D14-AA05-42C2-B722-69BCED98B706}.Debug|Any CPU.Build.0 = Debug|Any CPU
		{2AAB6D14-AA05-42C2-B722-69BCED98B706}.Release|Any CPU.ActiveCfg = Release|Any CPU
		{2AAB6D14-AA05-42C2-B722-69BCED98B706}.Release|Any CPU.Build.0 = Release|Any CPU
		{678D59E2-CAED-4320-B734-BF89AC5C019A}.Debug|Any CPU.ActiveCfg = Debug|Any CPU
		{678D59E2-CAED-4320-B734-BF89AC5C019A}.Debug|Any CPU.Build.0 = Debug|Any CPU
		{678D59E2-CAED-4320-B734-BF89AC5C019A}.Release|Any CPU.ActiveCfg = Release|Any CPU
		{678D59E2-CAED-4320-B734-BF89AC5C019A}.Release|Any CPU.Build.0 = Release|Any CPU
		{76E1C6B8-4E1D-44CA-8FF0-5483D50A2CBF}.Debug|Any CPU.ActiveCfg = Debug|Any CPU
		{76E1C6B8-4E1D-44CA-8FF0-5483D50A2CBF}.Debug|Any CPU.Build.0 = Debug|Any CPU
		{76E1C6B8-4E1D-44CA-8FF0-5483D50A2CBF}.Release|Any CPU.ActiveCfg = Release|Any CPU
		{76E1C6B8-4E1D-44CA-8FF0-5483D50A2CBF}.Release|Any CPU.Build.0 = Release|Any CPU
		{69C51CAD-000A-4A62-8B90-ED3EE5A53CA0}.Debug|Any CPU.ActiveCfg = Debug|Any CPU
		{69C51CAD-000A-4A62-8B90-ED3EE5A53CA0}.Debug|Any CPU.Build.0 = Debug|Any CPU
		{69C51CAD-000A-4A62-8B90-ED3EE5A53CA0}.Release|Any CPU.ActiveCfg = Release|Any CPU
		{69C51CAD-000A-4A62-8B90-ED3EE5A53CA0}.Release|Any CPU.Build.0 = Release|Any CPU
		{1313D07F-3FFF-40B9-B4BD-E901E0415EFC}.Debug|Any CPU.ActiveCfg = Debug|Any CPU
		{1313D07F-3FFF-40B9-B4BD-E901E0415EFC}.Debug|Any CPU.Build.0 = Debug|Any CPU
		{1313D07F-3FFF-40B9-B4BD-E901E0415EFC}.Release|Any CPU.ActiveCfg = Release|Any CPU
		{1313D07F-3FFF-40B9-B4BD-E901E0415EFC}.Release|Any CPU.Build.0 = Release|Any CPU
	EndGlobalSection
	GlobalSection(SolutionProperties) = preSolution
		HideSolutionNode = FALSE
	EndGlobalSection
	GlobalSection(NestedProjects) = preSolution
		{42CBAEF8-DD77-462B-B57D-FA8AD82FC9FC} = {B4BD4D4A-65A9-4659-AF23-120910134F72}
		{C9E8E38A-C700-4E77-A866-4D3A0412ED59} = {42CBAEF8-DD77-462B-B57D-FA8AD82FC9FC}
		{4237313B-692D-445A-BCF6-DE489D56600C} = {B4BD4D4A-65A9-4659-AF23-120910134F72}
		{C33CEBD4-CD39-4097-BC21-43D3E67A8341} = {4237313B-692D-445A-BCF6-DE489D56600C}
		{34A75249-7417-41AF-87C4-2539DAB1836C} = {B4BD4D4A-65A9-4659-AF23-120910134F72}
		{8CD5BFEA-7A8A-4B4E-A444-E6134D3C97BD} = {34A75249-7417-41AF-87C4-2539DAB1836C}
		{3DAB8EC4-ED62-4D15-A027-A9D13BF8A858} = {B4BD4D4A-65A9-4659-AF23-120910134F72}
		{8A29899A-68CD-4025-9F55-A96CF4E9FD1F} = {B4BD4D4A-65A9-4659-AF23-120910134F72}
		{A4120630-1B58-4A08-B41F-CB42EE86D700} = {8A29899A-68CD-4025-9F55-A96CF4E9FD1F}
		{C119E5BA-5A78-433A-9039-735951D47965} = {8A29899A-68CD-4025-9F55-A96CF4E9FD1F}
		{E8D5262D-A348-47A9-A40D-6878D8DDB54C} = {42CBAEF8-DD77-462B-B57D-FA8AD82FC9FC}
		{DAB1D002-7EEE-4245-BBE8-01E3E1164063} = {42CBAEF8-DD77-462B-B57D-FA8AD82FC9FC}
		{DAC1493B-AFEE-4332-B3D0-A3681A04F733} = {42CBAEF8-DD77-462B-B57D-FA8AD82FC9FC}
		{B0105316-2881-4823-8B00-5A85A9CAB9CA} = {B4BD4D4A-65A9-4659-AF23-120910134F72}
		{DCFE65AD-777D-462E-BB12-D0D610C247FA} = {B0105316-2881-4823-8B00-5A85A9CAB9CA}
		{27421F52-FF38-4527-A132-2E0D66535B97} = {B4BD4D4A-65A9-4659-AF23-120910134F72}
		{0329A8CA-FFEF-49BF-8E06-8690CDA65F01} = {27421F52-FF38-4527-A132-2E0D66535B97}
		{9D42D146-1BDF-431B-9F44-B28B3BFCAF3B} = {3DAB8EC4-ED62-4D15-A027-A9D13BF8A858}
		{87906AD1-7799-4D2D-9821-BE3FA9810B5B} = {9D42D146-1BDF-431B-9F44-B28B3BFCAF3B}
		{B4D7811A-889E-47DD-9ACC-078612E87786} = {3DAB8EC4-ED62-4D15-A027-A9D13BF8A858}
		{2AAB6D14-AA05-42C2-B722-69BCED98B706} = {B4D7811A-889E-47DD-9ACC-078612E87786}
		{1872B4D0-C417-45EF-9803-0B6A5BF9E9A7} = {3DAB8EC4-ED62-4D15-A027-A9D13BF8A858}
		{678D59E2-CAED-4320-B734-BF89AC5C019A} = {1872B4D0-C417-45EF-9803-0B6A5BF9E9A7}
		{12462056-CAED-4CB1-80FD-1C11A2759A37} = {B4BD4D4A-65A9-4659-AF23-120910134F72}
		{76E1C6B8-4E1D-44CA-8FF0-5483D50A2CBF} = {12462056-CAED-4CB1-80FD-1C11A2759A37}
		{69C51CAD-000A-4A62-8B90-ED3EE5A53CA0} = {12462056-CAED-4CB1-80FD-1C11A2759A37}
		{F4807E9D-EC88-4249-A4B9-6BEE0AF6C61B} = {B0105316-2881-4823-8B00-5A85A9CAB9CA}
		{1313D07F-3FFF-40B9-B4BD-E901E0415EFC} = {F4807E9D-EC88-4249-A4B9-6BEE0AF6C61B}
	EndGlobalSection
	GlobalSection(ExtensibilityGlobals) = postSolution
		SolutionGuid = {89D6BB68-4A8C-4B10-A7E0-813AD4FAB728}
	EndGlobalSection
EndGlobal
