
Microsoft Visual Studio Solution File, Format Version 12.00
# Visual Studio Version 16
VisualStudioVersion = 16.0.31112.23
MinimumVisualStudioVersion = 10.0.40219.1
Project("{2150E333-8FDC-42A3-9474-1A3956D46DE8}") = "src", "src", "{B4BD4D4A-65A9-4659-AF23-120910134F72}"
EndProject
Project("{2150E333-8FDC-42A3-9474-1A3956D46DE8}") = "Orders", "Orders", "{42CBAEF8-DD77-462B-B57D-FA8AD82FC9FC}"
EndProject
Project("{9A19103F-16F7-4668-BE54-9A1E7A4F7556}") = "Order.API", "src\Orders\Order.API\Order.API.csproj", "{C9E8E38A-C700-4E77-A866-4D3A0412ED59}"
EndProject
Project("{2150E333-8FDC-42A3-9474-1A3956D46DE8}") = "Warehouse", "Warehouse", "{4237313B-692D-445A-BCF6-DE489D56600C}"
EndProject
Project("{9A19103F-16F7-4668-BE54-9A1E7A4F7556}") = "Warehouse.API", "src\Warehouse\Warehouse.API\Warehouse.API.csproj", "{C33CEBD4-CD39-4097-BC21-43D3E67A8341}"
EndProject
Project("{2150E333-8FDC-42A3-9474-1A3956D46DE8}") = "Production", "Production", "{34A75249-7417-41AF-87C4-2539DAB1836C}"
EndProject
Project("{9A19103F-16F7-4668-BE54-9A1E7A4F7556}") = "Production.API", "src\Production\Production.API\Production.API.csproj", "{8CD5BFEA-7A8A-4B4E-A444-E6134D3C97BD}"
EndProject
Project("{2150E333-8FDC-42A3-9474-1A3956D46DE8}") = "Interchange", "Interchange", "{8A29899A-68CD-4025-9F55-A96CF4E9FD1F}"
EndProject
Project("{9A19103F-16F7-4668-BE54-9A1E7A4F7556}") = "Common.Logging", "src\Interchange\Common.Logging\Common.Logging.csproj", "{A4120630-1B58-4A08-B41F-CB42EE86D700}"
EndProject
Project("{9A19103F-16F7-4668-BE54-9A1E7A4F7556}") = "EventBus.Messages", "src\Interchange\EventBus.Messages\EventBus.Messages.csproj", "{C119E5BA-5A78-433A-9039-735951D47965}"
EndProject
Project("{9A19103F-16F7-4668-BE54-9A1E7A4F7556}") = "Order.Infrastructure", "src\Orders\Order.Infrastructure\Order.Infrastructure.csproj", "{E8D5262D-A348-47A9-A40D-6878D8DDB54C}"
EndProject
Project("{9A19103F-16F7-4668-BE54-9A1E7A4F7556}") = "Order.Domain", "src\Orders\Order.Domain\Order.Domain.csproj", "{DAB1D002-7EEE-4245-BBE8-01E3E1164063}"
EndProject
Project("{9A19103F-16F7-4668-BE54-9A1E7A4F7556}") = "Order.Application", "src\Orders\Order.Application\Order.Application.csproj", "{DAC1493B-AFEE-4332-B3D0-A3681A04F733}"
EndProject
Project("{E53339B2-1760-4266-BCC7-CA923CBCF16C}") = "docker-compose", "docker-compose.dcproj", "{75AE5207-9942-43F4-9508-7CDF88344903}"
EndProject
Project("{2150E333-8FDC-42A3-9474-1A3956D46DE8}") = "Utilities", "Utilities", "{17200BA3-B722-418D-A990-C9A3FD8E6A46}"
EndProject
Project("{2150E333-8FDC-42A3-9474-1A3956D46DE8}") = "Inventory", "Inventory", "{25DD796D-E7CC-4F3E-880D-0A304B7AF29A}"
EndProject
Project("{9A19103F-16F7-4668-BE54-9A1E7A4F7556}") = "Inventory.API", "src\Inventory\Inventory.API\Inventory.API.csproj", "{B5B0ED95-BA28-4F5B-ABE5-AD9888EE3226}"
EndProject
Project("{9A19103F-16F7-4668-BE54-9A1E7A4F7556}") = "Common.Utilities", "src\Utilities\Common.Utilities\Common.Utilities.csproj", "{61927C00-A622-49EC-B3F7-48ADB8095B29}"
EndProject
Global
	GlobalSection(SolutionConfigurationPlatforms) = preSolution
		Debug|Any CPU = Debug|Any CPU
		Release|Any CPU = Release|Any CPU
	EndGlobalSection
	GlobalSection(ProjectConfigurationPlatforms) = postSolution
		{C9E8E38A-C700-4E77-A866-4D3A0412ED59}.Debug|Any CPU.ActiveCfg = Debug|Any CPU
		{C9E8E38A-C700-4E77-A866-4D3A0412ED59}.Debug|Any CPU.Build.0 = Debug|Any CPU
		{C9E8E38A-C700-4E77-A866-4D3A0412ED59}.Release|Any CPU.ActiveCfg = Release|Any CPU
		{C9E8E38A-C700-4E77-A866-4D3A0412ED59}.Release|Any CPU.Build.0 = Release|Any CPU
		{C33CEBD4-CD39-4097-BC21-43D3E67A8341}.Debug|Any CPU.ActiveCfg = Debug|Any CPU
		{C33CEBD4-CD39-4097-BC21-43D3E67A8341}.Debug|Any CPU.Build.0 = Debug|Any CPU
		{C33CEBD4-CD39-4097-BC21-43D3E67A8341}.Release|Any CPU.ActiveCfg = Release|Any CPU
		{C33CEBD4-CD39-4097-BC21-43D3E67A8341}.Release|Any CPU.Build.0 = Release|Any CPU
		{8CD5BFEA-7A8A-4B4E-A444-E6134D3C97BD}.Debug|Any CPU.ActiveCfg = Debug|Any CPU
		{8CD5BFEA-7A8A-4B4E-A444-E6134D3C97BD}.Debug|Any CPU.Build.0 = Debug|Any CPU
		{8CD5BFEA-7A8A-4B4E-A444-E6134D3C97BD}.Release|Any CPU.ActiveCfg = Release|Any CPU
		{8CD5BFEA-7A8A-4B4E-A444-E6134D3C97BD}.Release|Any CPU.Build.0 = Release|Any CPU
		{A4120630-1B58-4A08-B41F-CB42EE86D700}.Debug|Any CPU.ActiveCfg = Debug|Any CPU
		{A4120630-1B58-4A08-B41F-CB42EE86D700}.Debug|Any CPU.Build.0 = Debug|Any CPU
		{A4120630-1B58-4A08-B41F-CB42EE86D700}.Release|Any CPU.ActiveCfg = Release|Any CPU
		{A4120630-1B58-4A08-B41F-CB42EE86D700}.Release|Any CPU.Build.0 = Release|Any CPU
		{C119E5BA-5A78-433A-9039-735951D47965}.Debug|Any CPU.ActiveCfg = Debug|Any CPU
		{C119E5BA-5A78-433A-9039-735951D47965}.Debug|Any CPU.Build.0 = Debug|Any CPU
		{C119E5BA-5A78-433A-9039-735951D47965}.Release|Any CPU.ActiveCfg = Release|Any CPU
		{C119E5BA-5A78-433A-9039-735951D47965}.Release|Any CPU.Build.0 = Release|Any CPU
		{E8D5262D-A348-47A9-A40D-6878D8DDB54C}.Debug|Any CPU.ActiveCfg = Debug|Any CPU
		{E8D5262D-A348-47A9-A40D-6878D8DDB54C}.Debug|Any CPU.Build.0 = Debug|Any CPU
		{E8D5262D-A348-47A9-A40D-6878D8DDB54C}.Release|Any CPU.ActiveCfg = Release|Any CPU
		{E8D5262D-A348-47A9-A40D-6878D8DDB54C}.Release|Any CPU.Build.0 = Release|Any CPU
		{DAB1D002-7EEE-4245-BBE8-01E3E1164063}.Debug|Any CPU.ActiveCfg = Debug|Any CPU
		{DAB1D002-7EEE-4245-BBE8-01E3E1164063}.Debug|Any CPU.Build.0 = Debug|Any CPU
		{DAB1D002-7EEE-4245-BBE8-01E3E1164063}.Release|Any CPU.ActiveCfg = Release|Any CPU
		{DAB1D002-7EEE-4245-BBE8-01E3E1164063}.Release|Any CPU.Build.0 = Release|Any CPU
		{DAC1493B-AFEE-4332-B3D0-A3681A04F733}.Debug|Any CPU.ActiveCfg = Debug|Any CPU
		{DAC1493B-AFEE-4332-B3D0-A3681A04F733}.Debug|Any CPU.Build.0 = Debug|Any CPU
		{DAC1493B-AFEE-4332-B3D0-A3681A04F733}.Release|Any CPU.ActiveCfg = Release|Any CPU
		{DAC1493B-AFEE-4332-B3D0-A3681A04F733}.Release|Any CPU.Build.0 = Release|Any CPU
		{75AE5207-9942-43F4-9508-7CDF88344903}.Debug|Any CPU.ActiveCfg = Debug|Any CPU
		{75AE5207-9942-43F4-9508-7CDF88344903}.Debug|Any CPU.Build.0 = Debug|Any CPU
		{75AE5207-9942-43F4-9508-7CDF88344903}.Release|Any CPU.ActiveCfg = Release|Any CPU
		{75AE5207-9942-43F4-9508-7CDF88344903}.Release|Any CPU.Build.0 = Release|Any CPU
		{B5B0ED95-BA28-4F5B-ABE5-AD9888EE3226}.Debug|Any CPU.ActiveCfg = Debug|Any CPU
		{B5B0ED95-BA28-4F5B-ABE5-AD9888EE3226}.Debug|Any CPU.Build.0 = Debug|Any CPU
		{B5B0ED95-BA28-4F5B-ABE5-AD9888EE3226}.Release|Any CPU.ActiveCfg = Release|Any CPU
		{B5B0ED95-BA28-4F5B-ABE5-AD9888EE3226}.Release|Any CPU.Build.0 = Release|Any CPU
		{61927C00-A622-49EC-B3F7-48ADB8095B29}.Debug|Any CPU.ActiveCfg = Debug|Any CPU
		{61927C00-A622-49EC-B3F7-48ADB8095B29}.Debug|Any CPU.Build.0 = Debug|Any CPU
		{61927C00-A622-49EC-B3F7-48ADB8095B29}.Release|Any CPU.ActiveCfg = Release|Any CPU
		{61927C00-A622-49EC-B3F7-48ADB8095B29}.Release|Any CPU.Build.0 = Release|Any CPU
	EndGlobalSection
	GlobalSection(SolutionProperties) = preSolution
		HideSolutionNode = FALSE
	EndGlobalSection
	GlobalSection(NestedProjects) = preSolution
		{42CBAEF8-DD77-462B-B57D-FA8AD82FC9FC} = {B4BD4D4A-65A9-4659-AF23-120910134F72}
		{C9E8E38A-C700-4E77-A866-4D3A0412ED59} = {42CBAEF8-DD77-462B-B57D-FA8AD82FC9FC}
		{4237313B-692D-445A-BCF6-DE489D56600C} = {B4BD4D4A-65A9-4659-AF23-120910134F72}
		{C33CEBD4-CD39-4097-BC21-43D3E67A8341} = {4237313B-692D-445A-BCF6-DE489D56600C}
		{34A75249-7417-41AF-87C4-2539DAB1836C} = {B4BD4D4A-65A9-4659-AF23-120910134F72}
		{8CD5BFEA-7A8A-4B4E-A444-E6134D3C97BD} = {34A75249-7417-41AF-87C4-2539DAB1836C}
		{8A29899A-68CD-4025-9F55-A96CF4E9FD1F} = {B4BD4D4A-65A9-4659-AF23-120910134F72}
		{A4120630-1B58-4A08-B41F-CB42EE86D700} = {8A29899A-68CD-4025-9F55-A96CF4E9FD1F}
		{C119E5BA-5A78-433A-9039-735951D47965} = {8A29899A-68CD-4025-9F55-A96CF4E9FD1F}
		{E8D5262D-A348-47A9-A40D-6878D8DDB54C} = {42CBAEF8-DD77-462B-B57D-FA8AD82FC9FC}
		{DAB1D002-7EEE-4245-BBE8-01E3E1164063} = {42CBAEF8-DD77-462B-B57D-FA8AD82FC9FC}
		{DAC1493B-AFEE-4332-B3D0-A3681A04F733} = {42CBAEF8-DD77-462B-B57D-FA8AD82FC9FC}
		{17200BA3-B722-418D-A990-C9A3FD8E6A46} = {B4BD4D4A-65A9-4659-AF23-120910134F72}
		{25DD796D-E7CC-4F3E-880D-0A304B7AF29A} = {B4BD4D4A-65A9-4659-AF23-120910134F72}
		{B5B0ED95-BA28-4F5B-ABE5-AD9888EE3226} = {25DD796D-E7CC-4F3E-880D-0A304B7AF29A}
		{61927C00-A622-49EC-B3F7-48ADB8095B29} = {17200BA3-B722-418D-A990-C9A3FD8E6A46}
	EndGlobalSection
	GlobalSection(ExtensibilityGlobals) = postSolution
		SolutionGuid = {89D6BB68-4A8C-4B10-A7E0-813AD4FAB728}
	EndGlobalSection
EndGlobal
